// !$*UTF8*$!
{
	archiveVersion = 1;
	classes = {
	};
	objectVersion = 56;
	objects = {

/* Begin PBXBuildFile section */
		073710F52A7C38AC00F92F28 /* LORT_ConverterApp.swift in Sources */ = {isa = PBXBuildFile; fileRef = 073710F42A7C38AC00F92F28 /* LORT_ConverterApp.swift */; };
		073710F72A7C38AC00F92F28 /* ContentView.swift in Sources */ = {isa = PBXBuildFile; fileRef = 073710F62A7C38AC00F92F28 /* ContentView.swift */; };
		073710F92A7C38AD00F92F28 /* Assets.xcassets in Resources */ = {isa = PBXBuildFile; fileRef = 073710F82A7C38AD00F92F28 /* Assets.xcassets */; };
		073710FC2A7C38AD00F92F28 /* Preview Assets.xcassets in Resources */ = {isa = PBXBuildFile; fileRef = 073710FB2A7C38AD00F92F28 /* Preview Assets.xcassets */; };
		073711062A7C38AE00F92F28 /* LORT_ConverterTests.swift in Sources */ = {isa = PBXBuildFile; fileRef = 073711052A7C38AE00F92F28 /* LORT_ConverterTests.swift */; };
		073711102A7C38AE00F92F28 /* LORT_ConverterUITests.swift in Sources */ = {isa = PBXBuildFile; fileRef = 0737110F2A7C38AE00F92F28 /* LORT_ConverterUITests.swift */; };
		073711122A7C38AE00F92F28 /* LORT_ConverterUITestsLaunchTests.swift in Sources */ = {isa = PBXBuildFile; fileRef = 073711112A7C38AE00F92F28 /* LORT_ConverterUITestsLaunchTests.swift */; };
		07621B042AFD973200F7B375 /* SelectCurrency.swift in Sources */ = {isa = PBXBuildFile; fileRef = 07621B032AFD973200F7B375 /* SelectCurrency.swift */; };
		07621B062AFD9D9400F7B375 /* CurrencyIcon.swift in Sources */ = {isa = PBXBuildFile; fileRef = 07621B052AFD9D9400F7B375 /* CurrencyIcon.swift */; };
		07621B082AFDAA8600F7B375 /* CurrencyModel.swift in Sources */ = {isa = PBXBuildFile; fileRef = 07621B072AFDAA8600F7B375 /* CurrencyModel.swift */; };
		07621B0A2AFDB56600F7B375 /* IconGrid.swift in Sources */ = {isa = PBXBuildFile; fileRef = 07621B092AFDB56600F7B375 /* IconGrid.swift */; };
		07CA10682A7C704D00A7E26F /* ExchangeInfoView.swift in Sources */ = {isa = PBXBuildFile; fileRef = 07CA10672A7C704D00A7E26F /* ExchangeInfoView.swift */; };
		07CA106A2A7C79C000A7E26F /* ExchangeRateView.swift in Sources */ = {isa = PBXBuildFile; fileRef = 07CA10692A7C79C000A7E26F /* ExchangeRateView.swift */; };
/* End PBXBuildFile section */

/* Begin PBXContainerItemProxy section */
		073711022A7C38AE00F92F28 /* PBXContainerItemProxy */ = {
			isa = PBXContainerItemProxy;
			containerPortal = 073710E92A7C38AC00F92F28 /* Project object */;
			proxyType = 1;
			remoteGlobalIDString = 073710F02A7C38AC00F92F28;
			remoteInfo = "LORT Converter";
		};
		0737110C2A7C38AE00F92F28 /* PBXContainerItemProxy */ = {
			isa = PBXContainerItemProxy;
			containerPortal = 073710E92A7C38AC00F92F28 /* Project object */;
			proxyType = 1;
			remoteGlobalIDString = 073710F02A7C38AC00F92F28;
			remoteInfo = "LORT Converter";
		};
/* End PBXContainerItemProxy section */

/* Begin PBXFileReference section */
		073710F12A7C38AC00F92F28 /* LORT Converter.app */ = {isa = PBXFileReference; explicitFileType = wrapper.application; includeInIndex = 0; path = "LORT Converter.app"; sourceTree = BUILT_PRODUCTS_DIR; };
		073710F42A7C38AC00F92F28 /* LORT_ConverterApp.swift */ = {isa = PBXFileReference; lastKnownFileType = sourcecode.swift; path = LORT_ConverterApp.swift; sourceTree = "<group>"; };
		073710F62A7C38AC00F92F28 /* ContentView.swift */ = {isa = PBXFileReference; lastKnownFileType = sourcecode.swift; path = ContentView.swift; sourceTree = "<group>"; };
		073710F82A7C38AD00F92F28 /* Assets.xcassets */ = {isa = PBXFileReference; lastKnownFileType = folder.assetcatalog; path = Assets.xcassets; sourceTree = "<group>"; };
		073710FB2A7C38AD00F92F28 /* Preview Assets.xcassets */ = {isa = PBXFileReference; lastKnownFileType = folder.assetcatalog; path = "Preview Assets.xcassets"; sourceTree = "<group>"; };
		073711012A7C38AE00F92F28 /* LORT ConverterTests.xctest */ = {isa = PBXFileReference; explicitFileType = wrapper.cfbundle; includeInIndex = 0; path = "LORT ConverterTests.xctest"; sourceTree = BUILT_PRODUCTS_DIR; };
		073711052A7C38AE00F92F28 /* LORT_ConverterTests.swift */ = {isa = PBXFileReference; lastKnownFileType = sourcecode.swift; path = LORT_ConverterTests.swift; sourceTree = "<group>"; };
		0737110B2A7C38AE00F92F28 /* LORT ConverterUITests.xctest */ = {isa = PBXFileReference; explicitFileType = wrapper.cfbundle; includeInIndex = 0; path = "LORT ConverterUITests.xctest"; sourceTree = BUILT_PRODUCTS_DIR; };
		0737110F2A7C38AE00F92F28 /* LORT_ConverterUITests.swift */ = {isa = PBXFileReference; lastKnownFileType = sourcecode.swift; path = LORT_ConverterUITests.swift; sourceTree = "<group>"; };
		073711112A7C38AE00F92F28 /* LORT_ConverterUITestsLaunchTests.swift */ = {isa = PBXFileReference; lastKnownFileType = sourcecode.swift; path = LORT_ConverterUITestsLaunchTests.swift; sourceTree = "<group>"; };
		07621B032AFD973200F7B375 /* SelectCurrency.swift */ = {isa = PBXFileReference; lastKnownFileType = sourcecode.swift; path = SelectCurrency.swift; sourceTree = "<group>"; };
		07621B052AFD9D9400F7B375 /* CurrencyIcon.swift */ = {isa = PBXFileReference; lastKnownFileType = sourcecode.swift; path = CurrencyIcon.swift; sourceTree = "<group>"; };
		07621B072AFDAA8600F7B375 /* CurrencyModel.swift */ = {isa = PBXFileReference; lastKnownFileType = sourcecode.swift; path = CurrencyModel.swift; sourceTree = "<group>"; };
		07621B092AFDB56600F7B375 /* IconGrid.swift */ = {isa = PBXFileReference; lastKnownFileType = sourcecode.swift; path = IconGrid.swift; sourceTree = "<group>"; };
		07CA10672A7C704D00A7E26F /* ExchangeInfoView.swift */ = {isa = PBXFileReference; lastKnownFileType = sourcecode.swift; path = ExchangeInfoView.swift; sourceTree = "<group>"; };
		07CA10692A7C79C000A7E26F /* ExchangeRateView.swift */ = {isa = PBXFileReference; lastKnownFileType = sourcecode.swift; path = ExchangeRateView.swift; sourceTree = "<group>"; };
/* End PBXFileReference section */

/* Begin PBXFrameworksBuildPhase section */
		073710EE2A7C38AC00F92F28 /* Frameworks */ = {
			isa = PBXFrameworksBuildPhase;
			buildActionMask = 2147483647;
			files = (
			);
			runOnlyForDeploymentPostprocessing = 0;
		};
		073710FE2A7C38AE00F92F28 /* Frameworks */ = {
			isa = PBXFrameworksBuildPhase;
			buildActionMask = 2147483647;
			files = (
			);
			runOnlyForDeploymentPostprocessing = 0;
		};
		073711082A7C38AE00F92F28 /* Frameworks */ = {
			isa = PBXFrameworksBuildPhase;
			buildActionMask = 2147483647;
			files = (
			);
			runOnlyForDeploymentPostprocessing = 0;
		};
/* End PBXFrameworksBuildPhase section */

/* Begin PBXGroup section */
		073710E82A7C38AC00F92F28 = {
			isa = PBXGroup;
			children = (
				073710F32A7C38AC00F92F28 /* LORT Converter */,
				073711042A7C38AE00F92F28 /* LORT ConverterTests */,
				0737110E2A7C38AE00F92F28 /* LORT ConverterUITests */,
				073710F22A7C38AC00F92F28 /* Products */,
			);
			sourceTree = "<group>";
		};
		073710F22A7C38AC00F92F28 /* Products */ = {
			isa = PBXGroup;
			children = (
				073710F12A7C38AC00F92F28 /* LORT Converter.app */,
				073711012A7C38AE00F92F28 /* LORT ConverterTests.xctest */,
				0737110B2A7C38AE00F92F28 /* LORT ConverterUITests.xctest */,
			);
			name = Products;
			sourceTree = "<group>";
		};
		073710F32A7C38AC00F92F28 /* LORT Converter */ = {
			isa = PBXGroup;
			children = (
				07621B032AFD973200F7B375 /* SelectCurrency.swift */,
				07621B092AFDB56600F7B375 /* IconGrid.swift */,
				07621B072AFDAA8600F7B375 /* CurrencyModel.swift */,
				07621B052AFD9D9400F7B375 /* CurrencyIcon.swift */,
				07CA10672A7C704D00A7E26F /* ExchangeInfoView.swift */,
				07CA10692A7C79C000A7E26F /* ExchangeRateView.swift */,
				073710F42A7C38AC00F92F28 /* LORT_ConverterApp.swift */,
				073710F62A7C38AC00F92F28 /* ContentView.swift */,
				073710F82A7C38AD00F92F28 /* Assets.xcassets */,
				073710FA2A7C38AD00F92F28 /* Preview Content */,
			);
			path = "LORT Converter";
			sourceTree = "<group>";
		};
		073710FA2A7C38AD00F92F28 /* Preview Content */ = {
			isa = PBXGroup;
			children = (
				073710FB2A7C38AD00F92F28 /* Preview Assets.xcassets */,
			);
			path = "Preview Content";
			sourceTree = "<group>";
		};
		073711042A7C38AE00F92F28 /* LORT ConverterTests */ = {
			isa = PBXGroup;
			children = (
				073711052A7C38AE00F92F28 /* LORT_ConverterTests.swift */,
			);
			path = "LORT ConverterTests";
			sourceTree = "<group>";
		};
		0737110E2A7C38AE00F92F28 /* LORT ConverterUITests */ = {
			isa = PBXGroup;
			children = (
				0737110F2A7C38AE00F92F28 /* LORT_ConverterUITests.swift */,
				073711112A7C38AE00F92F28 /* LORT_ConverterUITestsLaunchTests.swift */,
			);
			path = "LORT ConverterUITests";
			sourceTree = "<group>";
		};
/* End PBXGroup section */

/* Begin PBXNativeTarget section */
		073710F02A7C38AC00F92F28 /* LORT Converter */ = {
			isa = PBXNativeTarget;
			buildConfigurationList = 073711152A7C38AE00F92F28 /* Build configuration list for PBXNativeTarget "LORT Converter" */;
			buildPhases = (
				073710ED2A7C38AC00F92F28 /* Sources */,
				073710EE2A7C38AC00F92F28 /* Frameworks */,
				073710EF2A7C38AC00F92F28 /* Resources */,
			);
			buildRules = (
			);
			dependencies = (
			);
			name = "LORT Converter";
			productName = "LORT Converter";
			productReference = 073710F12A7C38AC00F92F28 /* LORT Converter.app */;
			productType = "com.apple.product-type.application";
		};
		073711002A7C38AE00F92F28 /* LORT ConverterTests */ = {
			isa = PBXNativeTarget;
			buildConfigurationList = 073711182A7C38AE00F92F28 /* Build configuration list for PBXNativeTarget "LORT ConverterTests" */;
			buildPhases = (
				073710FD2A7C38AE00F92F28 /* Sources */,
				073710FE2A7C38AE00F92F28 /* Frameworks */,
				073710FF2A7C38AE00F92F28 /* Resources */,
			);
			buildRules = (
			);
			dependencies = (
				073711032A7C38AE00F92F28 /* PBXTargetDependency */,
			);
			name = "LORT ConverterTests";
			productName = "LORT ConverterTests";
			productReference = 073711012A7C38AE00F92F28 /* LORT ConverterTests.xctest */;
			productType = "com.apple.product-type.bundle.unit-test";
		};
		0737110A2A7C38AE00F92F28 /* LORT ConverterUITests */ = {
			isa = PBXNativeTarget;
			buildConfigurationList = 0737111B2A7C38AE00F92F28 /* Build configuration list for PBXNativeTarget "LORT ConverterUITests" */;
			buildPhases = (
				073711072A7C38AE00F92F28 /* Sources */,
				073711082A7C38AE00F92F28 /* Frameworks */,
				073711092A7C38AE00F92F28 /* Resources */,
			);
			buildRules = (
			);
			dependencies = (
				0737110D2A7C38AE00F92F28 /* PBXTargetDependency */,
			);
			name = "LORT ConverterUITests";
			productName = "LORT ConverterUITests";
			productReference = 0737110B2A7C38AE00F92F28 /* LORT ConverterUITests.xctest */;
			productType = "com.apple.product-type.bundle.ui-testing";
		};
/* End PBXNativeTarget section */

/* Begin PBXProject section */
		073710E92A7C38AC00F92F28 /* Project object */ = {
			isa = PBXProject;
			attributes = {
				BuildIndependentTargetsInParallel = 1;
				LastSwiftUpdateCheck = 1500;
				LastUpgradeCheck = 1500;
				TargetAttributes = {
					073710F02A7C38AC00F92F28 = {
						CreatedOnToolsVersion = 15.0;
					};
					073711002A7C38AE00F92F28 = {
						CreatedOnToolsVersion = 15.0;
						TestTargetID = 073710F02A7C38AC00F92F28;
					};
					0737110A2A7C38AE00F92F28 = {
						CreatedOnToolsVersion = 15.0;
						TestTargetID = 073710F02A7C38AC00F92F28;
					};
				};
			};
			buildConfigurationList = 073710EC2A7C38AC00F92F28 /* Build configuration list for PBXProject "LORT Converter" */;
			compatibilityVersion = "Xcode 14.0";
			developmentRegion = en;
			hasScannedForEncodings = 0;
			knownRegions = (
				en,
				Base,
			);
			mainGroup = 073710E82A7C38AC00F92F28;
			productRefGroup = 073710F22A7C38AC00F92F28 /* Products */;
			projectDirPath = "";
			projectRoot = "";
			targets = (
				073710F02A7C38AC00F92F28 /* LORT Converter */,
				073711002A7C38AE00F92F28 /* LORT ConverterTests */,
				0737110A2A7C38AE00F92F28 /* LORT ConverterUITests */,
			);
		};
/* End PBXProject section */

/* Begin PBXResourcesBuildPhase section */
		073710EF2A7C38AC00F92F28 /* Resources */ = {
			isa = PBXResourcesBuildPhase;
			buildActionMask = 2147483647;
			files = (
				073710FC2A7C38AD00F92F28 /* Preview Assets.xcassets in Resources */,
				073710F92A7C38AD00F92F28 /* Assets.xcassets in Resources */,
			);
			runOnlyForDeploymentPostprocessing = 0;
		};
		073710FF2A7C38AE00F92F28 /* Resources */ = {
			isa = PBXResourcesBuildPhase;
			buildActionMask = 2147483647;
			files = (
			);
			runOnlyForDeploymentPostprocessing = 0;
		};
		073711092A7C38AE00F92F28 /* Resources */ = {
			isa = PBXResourcesBuildPhase;
			buildActionMask = 2147483647;
			files = (
			);
			runOnlyForDeploymentPostprocessing = 0;
		};
/* End PBXResourcesBuildPhase section */

/* Begin PBXSourcesBuildPhase section */
		073710ED2A7C38AC00F92F28 /* Sources */ = {
			isa = PBXSourcesBuildPhase;
			buildActionMask = 2147483647;
			files = (
				07621B0A2AFDB56600F7B375 /* IconGrid.swift in Sources */,
				07621B082AFDAA8600F7B375 /* CurrencyModel.swift in Sources */,
				073710F72A7C38AC00F92F28 /* ContentView.swift in Sources */,
				07621B042AFD973200F7B375 /* SelectCurrency.swift in Sources */,
				073710F52A7C38AC00F92F28 /* LORT_ConverterApp.swift in Sources */,
				07CA10682A7C704D00A7E26F /* ExchangeInfoView.swift in Sources */,
				07CA106A2A7C79C000A7E26F /* ExchangeRateView.swift in Sources */,
				07621B062AFD9D9400F7B375 /* CurrencyIcon.swift in Sources */,
			);
			runOnlyForDeploymentPostprocessing = 0;
		};
		073710FD2A7C38AE00F92F28 /* Sources */ = {
			isa = PBXSourcesBuildPhase;
			buildActionMask = 2147483647;
			files = (
				073711062A7C38AE00F92F28 /* LORT_ConverterTests.swift in Sources */,
			);
			runOnlyForDeploymentPostprocessing = 0;
		};
		073711072A7C38AE00F92F28 /* Sources */ = {
			isa = PBXSourcesBuildPhase;
			buildActionMask = 2147483647;
			files = (
				073711122A7C38AE00F92F28 /* LORT_ConverterUITestsLaunchTests.swift in Sources */,
				073711102A7C38AE00F92F28 /* LORT_ConverterUITests.swift in Sources */,
			);
			runOnlyForDeploymentPostprocessing = 0;
		};
/* End PBXSourcesBuildPhase section */

/* Begin PBXTargetDependency section */
		073711032A7C38AE00F92F28 /* PBXTargetDependency */ = {
			isa = PBXTargetDependency;
			target = 073710F02A7C38AC00F92F28 /* LORT Converter */;
			targetProxy = 073711022A7C38AE00F92F28 /* PBXContainerItemProxy */;
		};
		0737110D2A7C38AE00F92F28 /* PBXTargetDependency */ = {
			isa = PBXTargetDependency;
			target = 073710F02A7C38AC00F92F28 /* LORT Converter */;
			targetProxy = 0737110C2A7C38AE00F92F28 /* PBXContainerItemProxy */;
		};
/* End PBXTargetDependency section */

/* Begin XCBuildConfiguration section */
		073711132A7C38AE00F92F28 /* Debug */ = {
			isa = XCBuildConfiguration;
			buildSettings = {
				ALWAYS_SEARCH_USER_PATHS = NO;
				ASSETCATALOG_COMPILER_GENERATE_SWIFT_ASSET_SYMBOL_EXTENSIONS = YES;
				CLANG_ANALYZER_NONNULL = YES;
				CLANG_ANALYZER_NUMBER_OBJECT_CONVERSION = YES_AGGRESSIVE;
				CLANG_CXX_LANGUAGE_STANDARD = "gnu++20";
				CLANG_ENABLE_MODULES = YES;
				CLANG_ENABLE_OBJC_ARC = YES;
				CLANG_ENABLE_OBJC_WEAK = YES;
				CLANG_WARN_BLOCK_CAPTURE_AUTORELEASING = YES;
				CLANG_WARN_BOOL_CONVERSION = YES;
				CLANG_WARN_COMMA = YES;
				CLANG_WARN_CONSTANT_CONVERSION = YES;
				CLANG_WARN_DEPRECATED_OBJC_IMPLEMENTATIONS = YES;
				CLANG_WARN_DIRECT_OBJC_ISA_USAGE = YES_ERROR;
				CLANG_WARN_DOCUMENTATION_COMMENTS = YES;
				CLANG_WARN_EMPTY_BODY = YES;
				CLANG_WARN_ENUM_CONVERSION = YES;
				CLANG_WARN_INFINITE_RECURSION = YES;
				CLANG_WARN_INT_CONVERSION = YES;
				CLANG_WARN_NON_LITERAL_NULL_CONVERSION = YES;
				CLANG_WARN_OBJC_IMPLICIT_RETAIN_SELF = YES;
				CLANG_WARN_OBJC_LITERAL_CONVERSION = YES;
				CLANG_WARN_OBJC_ROOT_CLASS = YES_ERROR;
				CLANG_WARN_QUOTED_INCLUDE_IN_FRAMEWORK_HEADER = YES;
				CLANG_WARN_RANGE_LOOP_ANALYSIS = YES;
				CLANG_WARN_STRICT_PROTOTYPES = YES;
				CLANG_WARN_SUSPICIOUS_MOVE = YES;
				CLANG_WARN_UNGUARDED_AVAILABILITY = YES_AGGRESSIVE;
				CLANG_WARN_UNREACHABLE_CODE = YES;
				CLANG_WARN__DUPLICATE_METHOD_MATCH = YES;
				COPY_PHASE_STRIP = NO;
				DEBUG_INFORMATION_FORMAT = dwarf;
				ENABLE_STRICT_OBJC_MSGSEND = YES;
				ENABLE_TESTABILITY = YES;
				ENABLE_USER_SCRIPT_SANDBOXING = YES;
				GCC_C_LANGUAGE_STANDARD = gnu17;
				GCC_DYNAMIC_NO_PIC = NO;
				GCC_NO_COMMON_BLOCKS = YES;
				GCC_OPTIMIZATION_LEVEL = 0;
				GCC_PREPROCESSOR_DEFINITIONS = (
					"DEBUG=1",
					"$(inherited)",
				);
				GCC_WARN_64_TO_32_BIT_CONVERSION = YES;
				GCC_WARN_ABOUT_RETURN_TYPE = YES_ERROR;
				GCC_WARN_UNDECLARED_SELECTOR = YES;
				GCC_WARN_UNINITIALIZED_AUTOS = YES_AGGRESSIVE;
				GCC_WARN_UNUSED_FUNCTION = YES;
				GCC_WARN_UNUSED_VARIABLE = YES;
				IPHONEOS_DEPLOYMENT_TARGET = 17.0;
				LOCALIZATION_PREFERS_STRING_CATALOGS = YES;
				MTL_ENABLE_DEBUG_INFO = INCLUDE_SOURCE;
				MTL_FAST_MATH = YES;
				ONLY_ACTIVE_ARCH = YES;
				SDKROOT = iphoneos;
				SWIFT_ACTIVE_COMPILATION_CONDITIONS = "DEBUG $(inherited)";
				SWIFT_OPTIMIZATION_LEVEL = "-Onone";
			};
			name = Debug;
		};
		073711142A7C38AE00F92F28 /* Release */ = {
			isa = XCBuildConfiguration;
			buildSettings = {
				ALWAYS_SEARCH_USER_PATHS = NO;
				ASSETCATALOG_COMPILER_GENERATE_SWIFT_ASSET_SYMBOL_EXTENSIONS = YES;
				CLANG_ANALYZER_NONNULL = YES;
				CLANG_ANALYZER_NUMBER_OBJECT_CONVERSION = YES_AGGRESSIVE;
				CLANG_CXX_LANGUAGE_STANDARD = "gnu++20";
				CLANG_ENABLE_MODULES = YES;
				CLANG_ENABLE_OBJC_ARC = YES;
				CLANG_ENABLE_OBJC_WEAK = YES;
				CLANG_WARN_BLOCK_CAPTURE_AUTORELEASING = YES;
				CLANG_WARN_BOOL_CONVERSION = YES;
				CLANG_WARN_COMMA = YES;
				CLANG_WARN_CONSTANT_CONVERSION = YES;
				CLANG_WARN_DEPRECATED_OBJC_IMPLEMENTATIONS = YES;
				CLANG_WARN_DIRECT_OBJC_ISA_USAGE = YES_ERROR;
				CLANG_WARN_DOCUMENTATION_COMMENTS = YES;
				CLANG_WARN_EMPTY_BODY = YES;
				CLANG_WARN_ENUM_CONVERSION = YES;
				CLANG_WARN_INFINITE_RECURSION = YES;
				CLANG_WARN_INT_CONVERSION = YES;
				CLANG_WARN_NON_LITERAL_NULL_CONVERSION = YES;
				CLANG_WARN_OBJC_IMPLICIT_RETAIN_SELF = YES;
				CLANG_WARN_OBJC_LITERAL_CONVERSION = YES;
				CLANG_WARN_OBJC_ROOT_CLASS = YES_ERROR;
				CLANG_WARN_QUOTED_INCLUDE_IN_FRAMEWORK_HEADER = YES;
				CLANG_WARN_RANGE_LOOP_ANALYSIS = YES;
				CLANG_WARN_STRICT_PROTOTYPES = YES;
				CLANG_WARN_SUSPICIOUS_MOVE = YES;
				CLANG_WARN_UNGUARDED_AVAILABILITY = YES_AGGRESSIVE;
				CLANG_WARN_UNREACHABLE_CODE = YES;
				CLANG_WARN__DUPLICATE_METHOD_MATCH = YES;
				COPY_PHASE_STRIP = NO;
				DEBUG_INFORMATION_FORMAT = "dwarf-with-dsym";
				ENABLE_NS_ASSERTIONS = NO;
				ENABLE_STRICT_OBJC_MSGSEND = YES;
				ENABLE_USER_SCRIPT_SANDBOXING = YES;
				GCC_C_LANGUAGE_STANDARD = gnu17;
				GCC_NO_COMMON_BLOCKS = YES;
				GCC_WARN_64_TO_32_BIT_CONVERSION = YES;
				GCC_WARN_ABOUT_RETURN_TYPE = YES_ERROR;
				GCC_WARN_UNDECLARED_SELECTOR = YES;
				GCC_WARN_UNINITIALIZED_AUTOS = YES_AGGRESSIVE;
				GCC_WARN_UNUSED_FUNCTION = YES;
				GCC_WARN_UNUSED_VARIABLE = YES;
				IPHONEOS_DEPLOYMENT_TARGET = 17.0;
				LOCALIZATION_PREFERS_STRING_CATALOGS = YES;
				MTL_ENABLE_DEBUG_INFO = NO;
				MTL_FAST_MATH = YES;
				SDKROOT = iphoneos;
				SWIFT_COMPILATION_MODE = wholemodule;
				VALIDATE_PRODUCT = YES;
			};
			name = Release;
		};
		073711162A7C38AE00F92F28 /* Debug */ = {
			isa = XCBuildConfiguration;
			buildSettings = {
				ASSETCATALOG_COMPILER_APPICON_NAME = AppIcon;
				ASSETCATALOG_COMPILER_GLOBAL_ACCENT_COLOR_NAME = AccentColor;
				CODE_SIGN_STYLE = Automatic;
				CURRENT_PROJECT_VERSION = 1;
				DEVELOPMENT_ASSET_PATHS = "\"LORT Converter/Preview Content\"";
				DEVELOPMENT_TEAM = RNB3VSD9P4;
				ENABLE_PREVIEWS = YES;
				GENERATE_INFOPLIST_FILE = YES;
				INFOPLIST_KEY_UIApplicationSceneManifest_Generation = YES;
				INFOPLIST_KEY_UIApplicationSupportsIndirectInputEvents = YES;
				INFOPLIST_KEY_UILaunchScreen_Generation = YES;
				INFOPLIST_KEY_UISupportedInterfaceOrientations_iPad = "UIInterfaceOrientationPortrait UIInterfaceOrientationPortraitUpsideDown UIInterfaceOrientationLandscapeLeft UIInterfaceOrientationLandscapeRight";
				INFOPLIST_KEY_UISupportedInterfaceOrientations_iPhone = "UIInterfaceOrientationPortrait UIInterfaceOrientationLandscapeLeft UIInterfaceOrientationLandscapeRight";
				LD_RUNPATH_SEARCH_PATHS = (
					"$(inherited)",
					"@executable_path/Frameworks",
				);
				MARKETING_VERSION = 1.0;
				PRODUCT_BUNDLE_IDENTIFIER = "com.agataporwit.LORT-Converter";
				PRODUCT_NAME = "$(TARGET_NAME)";
				SWIFT_EMIT_LOC_STRINGS = YES;
				SWIFT_VERSION = 5.0;
				TARGETED_DEVICE_FAMILY = "1,2";
			};
			name = Debug;
		};
		073711172A7C38AE00F92F28 /* Release */ = {
			isa = XCBuildConfiguration;
			buildSettings = {
				ASSETCATALOG_COMPILER_APPICON_NAME = AppIcon;
				ASSETCATALOG_COMPILER_GLOBAL_ACCENT_COLOR_NAME = AccentColor;
				CODE_SIGN_STYLE = Automatic;
				CURRENT_PROJECT_VERSION = 1;
				DEVELOPMENT_ASSET_PATHS = "\"LORT Converter/Preview Content\"";
				DEVELOPMENT_TEAM = RNB3VSD9P4;
				ENABLE_PREVIEWS = YES;
				GENERATE_INFOPLIST_FILE = YES;
				INFOPLIST_KEY_UIApplicationSceneManifest_Generation = YES;
				INFOPLIST_KEY_UIApplicationSupportsIndirectInputEvents = YES;
				INFOPLIST_KEY_UILaunchScreen_Generation = YES;
				INFOPLIST_KEY_UISupportedInterfaceOrientations_iPad = "UIInterfaceOrientationPortrait UIInterfaceOrientationPortraitUpsideDown UIInterfaceOrientationLandscapeLeft UIInterfaceOrientationLandscapeRight";
				INFOPLIST_KEY_UISupportedInterfaceOrientations_iPhone = "UIInterfaceOrientationPortrait UIInterfaceOrientationLandscapeLeft UIInterfaceOrientationLandscapeRight";
				LD_RUNPATH_SEARCH_PATHS = (
					"$(inherited)",
					"@executable_path/Frameworks",
				);
				MARKETING_VERSION = 1.0;
				PRODUCT_BUNDLE_IDENTIFIER = "com.agataporwit.LORT-Converter";
				PRODUCT_NAME = "$(TARGET_NAME)";
				SWIFT_EMIT_LOC_STRINGS = YES;
				SWIFT_VERSION = 5.0;
				TARGETED_DEVICE_FAMILY = "1,2";
			};
			name = Release;
		};
		073711192A7C38AE00F92F28 /* Debug */ = {
			isa = XCBuildConfiguration;
			buildSettings = {
				ALWAYS_EMBED_SWIFT_STANDARD_LIBRARIES = YES;
				BUNDLE_LOADER = "$(TEST_HOST)";
				CODE_SIGN_STYLE = Automatic;
				CURRENT_PROJECT_VERSION = 1;
				DEVELOPMENT_TEAM = RNB3VSD9P4;
				GENERATE_INFOPLIST_FILE = YES;
				IPHONEOS_DEPLOYMENT_TARGET = 17.0;
				MARKETING_VERSION = 1.0;
				PRODUCT_BUNDLE_IDENTIFIER = "com.agataporwit.LORT-ConverterTests";
				PRODUCT_NAME = "$(TARGET_NAME)";
				SWIFT_EMIT_LOC_STRINGS = NO;
				SWIFT_VERSION = 5.0;
				TARGETED_DEVICE_FAMILY = "1,2";
				TEST_HOST = "$(BUILT_PRODUCTS_DIR)/LORT Converter.app/$(BUNDLE_EXECUTABLE_FOLDER_PATH)/LORT Converter";
			};
			name = Debug;
		};
		0737111A2A7C38AE00F92F28 /* Release */ = {
			isa = XCBuildConfiguration;
			buildSettings = {
				ALWAYS_EMBED_SWIFT_STANDARD_LIBRARIES = YES;
				BUNDLE_LOADER = "$(TEST_HOST)";
				CODE_SIGN_STYLE = Automatic;
				CURRENT_PROJECT_VERSION = 1;
				DEVELOPMENT_TEAM = RNB3VSD9P4;
				GENERATE_INFOPLIST_FILE = YES;
				IPHONEOS_DEPLOYMENT_TARGET = 17.0;
				MARKETING_VERSION = 1.0;
				PRODUCT_BUNDLE_IDENTIFIER = "com.agataporwit.LORT-ConverterTests";
				PRODUCT_NAME = "$(TARGET_NAME)";
				SWIFT_EMIT_LOC_STRINGS = NO;
				SWIFT_VERSION = 5.0;
				TARGETED_DEVICE_FAMILY = "1,2";
				TEST_HOST = "$(BUILT_PRODUCTS_DIR)/LORT Converter.app/$(BUNDLE_EXECUTABLE_FOLDER_PATH)/LORT Converter";
			};
			name = Release;
		};
		0737111C2A7C38AE00F92F28 /* Debug */ = {
			isa = XCBuildConfiguration;
			buildSettings = {
				ALWAYS_EMBED_SWIFT_STANDARD_LIBRARIES = YES;
				CODE_SIGN_STYLE = Automatic;
				CURRENT_PROJECT_VERSION = 1;
				DEVELOPMENT_TEAM = RNB3VSD9P4;
				GENERATE_INFOPLIST_FILE = YES;
				MARKETING_VERSION = 1.0;
				PRODUCT_BUNDLE_IDENTIFIER = "com.agataporwit.LORT-ConverterUITests";
				PRODUCT_NAME = "$(TARGET_NAME)";
				SWIFT_EMIT_LOC_STRINGS = NO;
				SWIFT_VERSION = 5.0;
				TARGETED_DEVICE_FAMILY = "1,2";
				TEST_TARGET_NAME = "LORT Converter";
			};
			name = Debug;
		};
		0737111D2A7C38AE00F92F28 /* Release */ = {
			isa = XCBuildConfiguration;
			buildSettings = {
				ALWAYS_EMBED_SWIFT_STANDARD_LIBRARIES = YES;
				CODE_SIGN_STYLE = Automatic;
				CURRENT_PROJECT_VERSION = 1;
				DEVELOPMENT_TEAM = RNB3VSD9P4;
				GENERATE_INFOPLIST_FILE = YES;
				MARKETING_VERSION = 1.0;
				PRODUCT_BUNDLE_IDENTIFIER = "com.agataporwit.LORT-ConverterUITests";
				PRODUCT_NAME = "$(TARGET_NAME)";
				SWIFT_EMIT_LOC_STRINGS = NO;
				SWIFT_VERSION = 5.0;
				TARGETED_DEVICE_FAMILY = "1,2";
				TEST_TARGET_NAME = "LORT Converter";
			};
			name = Release;
		};
/* End XCBuildConfiguration section */

/* Begin XCConfigurationList section */
		073710EC2A7C38AC00F92F28 /* Build configuration list for PBXProject "LORT Converter" */ = {
			isa = XCConfigurationList;
			buildConfigurations = (
				073711132A7C38AE00F92F28 /* Debug */,
				073711142A7C38AE00F92F28 /* Release */,
			);
			defaultConfigurationIsVisible = 0;
			defaultConfigurationName = Release;
		};
		073711152A7C38AE00F92F28 /* Build configuration list for PBXNativeTarget "LORT Converter" */ = {
			isa = XCConfigurationList;
			buildConfigurations = (
				073711162A7C38AE00F92F28 /* Debug */,
				073711172A7C38AE00F92F28 /* Release */,
			);
			defaultConfigurationIsVisible = 0;
			defaultConfigurationName = Release;
		};
		073711182A7C38AE00F92F28 /* Build configuration list for PBXNativeTarget "LORT ConverterTests" */ = {
			isa = XCConfigurationList;
			buildConfigurations = (
				073711192A7C38AE00F92F28 /* Debug */,
				0737111A2A7C38AE00F92F28 /* Release */,
			);
			defaultConfigurationIsVisible = 0;
			defaultConfigurationName = Release;
		};
		0737111B2A7C38AE00F92F28 /* Build configuration list for PBXNativeTarget "LORT ConverterUITests" */ = {
			isa = XCConfigurationList;
			buildConfigurations = (
				0737111C2A7C38AE00F92F28 /* Debug */,
				0737111D2A7C38AE00F92F28 /* Release */,
			);
			defaultConfigurationIsVisible = 0;
			defaultConfigurationName = Release;
		};
/* End XCConfigurationList section */
	};
	rootObject = 073710E92A7C38AC00F92F28 /* Project object */;
}
